
Microsoft Visual Studio Solution File, Format Version 12.00
# Visual Studio Version 17
VisualStudioVersion = 17.11.35312.102
MinimumVisualStudioVersion = 10.0.40219.1
Project("{8BC9CEB8-8B4A-11D0-8D11-00A0C91BC942}") = "Project1", "Project1\Project1.vcxproj", "{4C66556D-B821-4382-91EB-1807306340FF}"
EndProject
Project("{8BC9CEB8-8B4A-11D0-8D11-00A0C91BC942}") = "Project2", "Project2\Project2.vcxproj", "{E31D4835-A5C2-4965-90E6-62FB09D54F90}"
EndProject
Project("{8BC9CEB8-8B4A-11D0-8D11-00A0C91BC942}") = "Project3", "Project3\Project3.vcxproj", "{39010D12-787B-4F07-82EB-84790123B66C}"
EndProject
Project("{8BC9CEB8-8B4A-11D0-8D11-00A0C91BC942}") = "Project4", "Project4\Project4.vcxproj", "{ADBA4B53-5D9C-4BFD-847D-72E006EF9DE6}"
EndProject
Project("{8BC9CEB8-8B4A-11D0-8D11-00A0C91BC942}") = "Project5", "Project5\Project5.vcxproj", "{A2D846B6-3737-4A34-A469-13F53C7F090A}"
EndProject
Project("{8BC9CEB8-8B4A-11D0-8D11-00A0C91BC942}") = "Project6", "Project6\Project6.vcxproj", "{F21C53C2-3388-4293-B652-BCBC7BD919F3}"
EndProject
Project("{8BC9CEB8-8B4A-11D0-8D11-00A0C91BC942}") = "Project7", "Project7\Project7.vcxproj", "{AA291190-A362-4BB1-BC98-C38FA0C81761}"
EndProject
Project("{8BC9CEB8-8B4A-11D0-8D11-00A0C91BC942}") = "Project8", "Project8\Project8.vcxproj", "{CAEBC9B3-D002-4B38-96A0-D754CF52AB98}"
EndProject
Project("{8BC9CEB8-8B4A-11D0-8D11-00A0C91BC942}") = "Project9", "Project9\Project9.vcxproj", "{930F2FA6-24C2-46F4-B776-C3BB375DB95C}"
EndProject
Project("{8BC9CEB8-8B4A-11D0-8D11-00A0C91BC942}") = "Project10", "Project10\Project10.vcxproj", "{05EEF4B7-564A-41D6-9943-F76093F1C255}"
EndProject
Global
	GlobalSection(SolutionConfigurationPlatforms) = preSolution
		Debug|x64 = Debug|x64
		Debug|x86 = Debug|x86
		Release|x64 = Release|x64
		Release|x86 = Release|x86
	EndGlobalSection
	GlobalSection(ProjectConfigurationPlatforms) = postSolution
		{4C66556D-B821-4382-91EB-1807306340FF}.Debug|x64.ActiveCfg = Debug|x64
		{4C66556D-B821-4382-91EB-1807306340FF}.Debug|x64.Build.0 = Debug|x64
		{4C66556D-B821-4382-91EB-1807306340FF}.Debug|x86.ActiveCfg = Debug|Win32
		{4C66556D-B821-4382-91EB-1807306340FF}.Debug|x86.Build.0 = Debug|Win32
		{4C66556D-B821-4382-91EB-1807306340FF}.Release|x64.ActiveCfg = Release|x64
		{4C66556D-B821-4382-91EB-1807306340FF}.Release|x64.Build.0 = Release|x64
		{4C66556D-B821-4382-91EB-1807306340FF}.Release|x86.ActiveCfg = Release|Win32
		{4C66556D-B821-4382-91EB-1807306340FF}.Release|x86.Build.0 = Release|Win32
		{E31D4835-A5C2-4965-90E6-62FB09D54F90}.Debug|x64.ActiveCfg = Debug|x64
		{E31D4835-A5C2-4965-90E6-62FB09D54F90}.Debug|x64.Build.0 = Debug|x64
		{E31D4835-A5C2-4965-90E6-62FB09D54F90}.Debug|x86.ActiveCfg = Debug|Win32
		{E31D4835-A5C2-4965-90E6-62FB09D54F90}.Debug|x86.Build.0 = Debug|Win32
		{E31D4835-A5C2-4965-90E6-62FB09D54F90}.Release|x64.ActiveCfg = Release|x64
		{E31D4835-A5C2-4965-90E6-62FB09D54F90}.Release|x64.Build.0 = Release|x64
		{E31D4835-A5C2-4965-90E6-62FB09D54F90}.Release|x86.ActiveCfg = Release|Win32
		{E31D4835-A5C2-4965-90E6-62FB09D54F90}.Release|x86.Build.0 = Release|Win32
		{39010D12-787B-4F07-82EB-84790123B66C}.Debug|x64.ActiveCfg = Debug|x64
		{39010D12-787B-4F07-82EB-84790123B66C}.Debug|x64.Build.0 = Debug|x64
		{39010D12-787B-4F07-82EB-84790123B66C}.Debug|x86.ActiveCfg = Debug|Win32
		{39010D12-787B-4F07-82EB-84790123B66C}.Debug|x86.Build.0 = Debug|Win32
		{39010D12-787B-4F07-82EB-84790123B66C}.Release|x64.ActiveCfg = Release|x64
		{39010D12-787B-4F07-82EB-84790123B66C}.Release|x64.Build.0 = Release|x64
		{39010D12-787B-4F07-82EB-84790123B66C}.Release|x86.ActiveCfg = Release|Win32
		{39010D12-787B-4F07-82EB-84790123B66C}.Release|x86.Build.0 = Release|Win32
		{ADBA4B53-5D9C-4BFD-847D-72E006EF9DE6}.Debug|x64.ActiveCfg = Debug|x64
		{ADBA4B53-5D9C-4BFD-847D-72E006EF9DE6}.Debug|x64.Build.0 = Debug|x64
		{ADBA4B53-5D9C-4BFD-847D-72E006EF9DE6}.Debug|x86.ActiveCfg = Debug|Win32
		{ADBA4B53-5D9C-4BFD-847D-72E006EF9DE6}.Debug|x86.Build.0 = Debug|Win32
		{ADBA4B53-5D9C-4BFD-847D-72E006EF9DE6}.Release|x64.ActiveCfg = Release|x64
		{ADBA4B53-5D9C-4BFD-847D-72E006EF9DE6}.Release|x64.Build.0 = Release|x64
		{ADBA4B53-5D9C-4BFD-847D-72E006EF9DE6}.Release|x86.ActiveCfg = Release|Win32
		{ADBA4B53-5D9C-4BFD-847D-72E006EF9DE6}.Release|x86.Build.0 = Release|Win32
		{A2D846B6-3737-4A34-A469-13F53C7F090A}.Debug|x64.ActiveCfg = Debug|x64
		{A2D846B6-3737-4A34-A469-13F53C7F090A}.Debug|x64.Build.0 = Debug|x64
		{A2D846B6-3737-4A34-A469-13F53C7F090A}.Debug|x86.ActiveCfg = Debug|Win32
		{A2D846B6-3737-4A34-A469-13F53C7F090A}.Debug|x86.Build.0 = Debug|Win32
		{A2D846B6-3737-4A34-A469-13F53C7F090A}.Release|x64.ActiveCfg = Release|x64
		{A2D846B6-3737-4A34-A469-13F53C7F090A}.Release|x64.Build.0 = Release|x64
		{A2D846B6-3737-4A34-A469-13F53C7F090A}.Release|x86.ActiveCfg = Release|Win32
		{A2D846B6-3737-4A34-A469-13F53C7F090A}.Release|x86.Build.0 = Release|Win32
		{F21C53C2-3388-4293-B652-BCBC7BD919F3}.Debug|x64.ActiveCfg = Debug|x64
		{F21C53C2-3388-4293-B652-BCBC7BD919F3}.Debug|x64.Build.0 = Debug|x64
		{F21C53C2-3388-4293-B652-BCBC7BD919F3}.Debug|x86.ActiveCfg = Debug|Win32
		{F21C53C2-3388-4293-B652-BCBC7BD919F3}.Debug|x86.Build.0 = Debug|Win32
		{F21C53C2-3388-4293-B652-BCBC7BD919F3}.Release|x64.ActiveCfg = Release|x64
		{F21C53C2-3388-4293-B652-BCBC7BD919F3}.Release|x64.Build.0 = Release|x64
		{F21C53C2-3388-4293-B652-BCBC7BD919F3}.Release|x86.ActiveCfg = Release|Win32
		{F21C53C2-3388-4293-B652-BCBC7BD919F3}.Release|x86.Build.0 = Release|Win32
		{AA291190-A362-4BB1-BC98-C38FA0C81761}.Debug|x64.ActiveCfg = Debug|x64
		{AA291190-A362-4BB1-BC98-C38FA0C81761}.Debug|x64.Build.0 = Debug|x64
		{AA291190-A362-4BB1-BC98-C38FA0C81761}.Debug|x86.ActiveCfg = Debug|Win32
		{AA291190-A362-4BB1-BC98-C38FA0C81761}.Debug|x86.Build.0 = Debug|Win32
		{AA291190-A362-4BB1-BC98-C38FA0C81761}.Release|x64.ActiveCfg = Release|x64
		{AA291190-A362-4BB1-BC98-C38FA0C81761}.Release|x64.Build.0 = Release|x64
		{AA291190-A362-4BB1-BC98-C38FA0C81761}.Release|x86.ActiveCfg = Release|Win32
		{AA291190-A362-4BB1-BC98-C38FA0C81761}.Release|x86.Build.0 = Release|Win32
		{CAEBC9B3-D002-4B38-96A0-D754CF52AB98}.Debug|x64.ActiveCfg = Debug|x64
		{CAEBC9B3-D002-4B38-96A0-D754CF52AB98}.Debug|x64.Build.0 = Debug|x64
		{CAEBC9B3-D002-4B38-96A0-D754CF52AB98}.Debug|x86.ActiveCfg = Debug|Win32
		{CAEBC9B3-D002-4B38-96A0-D754CF52AB98}.Debug|x86.Build.0 = Debug|Win32
		{CAEBC9B3-D002-4B38-96A0-D754CF52AB98}.Release|x64.ActiveCfg = Release|x64
		{CAEBC9B3-D002-4B38-96A0-D754CF52AB98}.Release|x64.Build.0 = Release|x64
		{CAEBC9B3-D002-4B38-96A0-D754CF52AB98}.Release|x86.ActiveCfg = Release|Win32
		{CAEBC9B3-D002-4B38-96A0-D754CF52AB98}.Release|x86.Build.0 = Release|Win32
		{930F2FA6-24C2-46F4-B776-C3BB375DB95C}.Debug|x64.ActiveCfg = Debug|x64
		{930F2FA6-24C2-46F4-B776-C3BB375DB95C}.Debug|x64.Build.0 = Debug|x64
		{930F2FA6-24C2-46F4-B776-C3BB375DB95C}.Debug|x86.ActiveCfg = Debug|Win32
		{930F2FA6-24C2-46F4-B776-C3BB375DB95C}.Debug|x86.Build.0 = Debug|Win32
		{930F2FA6-24C2-46F4-B776-C3BB375DB95C}.Release|x64.ActiveCfg = Release|x64
		{930F2FA6-24C2-46F4-B776-C3BB375DB95C}.Release|x64.Build.0 = Release|x64
		{930F2FA6-24C2-46F4-B776-C3BB375DB95C}.Release|x86.ActiveCfg = Release|Win32
		{930F2FA6-24C2-46F4-B776-C3BB375DB95C}.Release|x86.Build.0 = Release|Win32
		{05EEF4B7-564A-41D6-9943-F76093F1C255}.Debug|x64.ActiveCfg = Debug|x64
		{05EEF4B7-564A-41D6-9943-F76093F1C255}.Debug|x64.Build.0 = Debug|x64
		{05EEF4B7-564A-41D6-9943-F76093F1C255}.Debug|x86.ActiveCfg = Debug|Win32
		{05EEF4B7-564A-41D6-9943-F76093F1C255}.Debug|x86.Build.0 = Debug|Win32
		{05EEF4B7-564A-41D6-9943-F76093F1C255}.Release|x64.ActiveCfg = Release|x64
		{05EEF4B7-564A-41D6-9943-F76093F1C255}.Release|x64.Build.0 = Release|x64
		{05EEF4B7-564A-41D6-9943-F76093F1C255}.Release|x86.ActiveCfg = Release|Win32
		{05EEF4B7-564A-41D6-9943-F76093F1C255}.Release|x86.Build.0 = Release|Win32
	EndGlobalSection
	GlobalSection(SolutionProperties) = preSolution
		HideSolutionNode = FALSE
	EndGlobalSection
	GlobalSection(ExtensibilityGlobals) = postSolution
		SolutionGuid = {861E83D3-DDB1-4BFA-BC10-3CB384D1E9BC}
	EndGlobalSection
EndGlobal
